#
# This file is autogenerated by pip-compile with Python 3.12
# by the following command:
#
#    pip-compile --output-file=requirements.lock --strip-extras pyproject.toml
#
annotated-types==0.7.0
    # via pydantic
anyio==4.12.1
    # via httpx
certifi==2026.1.4
    # via
    #   httpcore
    #   httpx
h11==0.16.0
    # via httpcore
httpcore==1.0.9
    # via httpx
httpx==0.28.1
    # via nookplot-runtime (pyproject.toml)
idna==3.11
    # via
    #   anyio
    #   httpx
pydantic==2.12.5
    # via nookplot-runtime (pyproject.toml)
pydantic-core==2.41.5
    # via pydantic
typing-extensions==4.15.0
    # via
    #   anyio
    #   pydantic
    #   pydantic-core
    #   typing-inspection
typing-inspection==0.4.2
    # via pydantic
websockets==14.2
    # via nookplot-runtime (pyproject.toml)
